
Microsoft Visual Studio Solution File, Format Version 12.00
# Visual Studio Version 16
VisualStudioVersion = 16.0.29519.161
MinimumVisualStudioVersion = 10.0.40219.1
Project("{FAE04EC0-301F-11D3-BF4B-00C04F79EFBC}") = "Tangerine", "Tangerine\Tangerine.csproj", "{497742B7-AA93-4C19-A69E-2532D15BB90B}"
EndProject
Project("{9A19103F-16F7-4668-BE54-9A1E7A4F7556}") = "Task1", "Task1\Task1.csproj", "{C1F07A82-FD5C-4F05-9008-66D477F086BB}"
EndProject
Project("{9A19103F-16F7-4668-BE54-9A1E7A4F7556}") = "Task2", "Task2\Task2.csproj", "{A193212F-082F-4392-9210-D9AF344C8C44}"
EndProject
Global
	GlobalSection(SolutionConfigurationPlatforms) = preSolution
		Debug|Any CPU = Debug|Any CPU
		Release|Any CPU = Release|Any CPU
	EndGlobalSection
	GlobalSection(ProjectConfigurationPlatforms) = postSolution
		{497742B7-AA93-4C19-A69E-2532D15BB90B}.Debug|Any CPU.ActiveCfg = Debug|Any CPU
		{497742B7-AA93-4C19-A69E-2532D15BB90B}.Debug|Any CPU.Build.0 = Debug|Any CPU
		{497742B7-AA93-4C19-A69E-2532D15BB90B}.Release|Any CPU.ActiveCfg = Release|Any CPU
		{497742B7-AA93-4C19-A69E-2532D15BB90B}.Release|Any CPU.Build.0 = Release|Any CPU
		{C1F07A82-FD5C-4F05-9008-66D477F086BB}.Debug|Any CPU.ActiveCfg = Debug|Any CPU
		{C1F07A82-FD5C-4F05-9008-66D477F086BB}.Debug|Any CPU.Build.0 = Debug|Any CPU
		{C1F07A82-FD5C-4F05-9008-66D477F086BB}.Release|Any CPU.ActiveCfg = Release|Any CPU
		{C1F07A82-FD5C-4F05-9008-66D477F086BB}.Release|Any CPU.Build.0 = Release|Any CPU
		{A193212F-082F-4392-9210-D9AF344C8C44}.Debug|Any CPU.ActiveCfg = Debug|Any CPU
		{A193212F-082F-4392-9210-D9AF344C8C44}.Debug|Any CPU.Build.0 = Debug|Any CPU
		{A193212F-082F-4392-9210-D9AF344C8C44}.Release|Any CPU.ActiveCfg = Release|Any CPU
		{A193212F-082F-4392-9210-D9AF344C8C44}.Release|Any CPU.Build.0 = Release|Any CPU
	EndGlobalSection
	GlobalSection(SolutionProperties) = preSolution
		HideSolutionNode = FALSE
	EndGlobalSection
	GlobalSection(ExtensibilityGlobals) = postSolution
		SolutionGuid = {13577A31-A029-4FD9-93FE-B96DA095A8E1}
	EndGlobalSection
EndGlobal
